{
  "name": "ridarplus",
  "version": "1.0.0",
  "lockfileVersion": 1,
  "requires": true,
  "dependencies": {
    "p-finally": {
      "version": "1.0.0",
      "resolved": "https://registry.npmjs.org/p-finally/-/p-finally-1.0.0.tgz",
      "integrity": "sha1-P7z7FbiZpEEjs0ttzBi3JDNqLK4="
    },
    "p-try": {
      "version": "2.0.0",
      "resolved": "https://registry.npmjs.org/p-try/-/p-try-2.0.0.tgz",
      "integrity": "sha512-hMp0onDKIajHfIkdRk3P4CdCmErkYAxxDtP3Wx/4nZ3aGlau2VKh3mZpcuFkH27WQkL/3WBCPOktzA9ZOAnMQQ=="
    },
    "pify": {
      "version": "4.0.0",
      "resolved": "https://registry.npmjs.org/pify/-/pify-4.0.0.tgz",
      "integrity": "sha512-zrSP/KDf9DH3K3VePONoCstgPiYJy9z0SCatZuTpOc7YdnWIqwkWdXOuwlr4uDc7em8QZRsFWsT/685x5InjYg=="
    },
    "read-chunk": {
      "version": "3.0.0",
      "resolved": "https://registry.npmjs.org/read-chunk/-/read-chunk-3.0.0.tgz",
      "integrity": "sha512-8lBUVPjj9TC5bKLBacB+rpexM03+LWiYbv6ma3BeWmUYXGxqA1WNNgIZHq/iIsCrbFMzPhFbkOqdsyOFRnuoXg==",
      "requires": {
        "pify": "^4.0.0",
        "with-open-file": "^0.1.3"
      }
    },
    "sax": {
      "version": "1.2.4",
      "resolved": "https://registry.npmjs.org/sax/-/sax-1.2.4.tgz",
      "integrity": "sha512-NqVDv9TpANUjFm0N8uM5GxL36UgKi9/atZw+x7YFnQ8ckwFGKrl4xX4yWtrey3UJm5nP1kUbnYgLopqWNSRhWw=="
    },
    "stream-to-generator": {
      "version": "0.1.1",
      "resolved": "https://registry.npmjs.org/stream-to-generator/-/stream-to-generator-0.1.1.tgz",
      "integrity": "sha1-pNFn4GPvUq1Htteemzb1JIpmw1M="
    },
    "with-open-file": {
      "version": "0.1.4",
      "resolved": "https://registry.npmjs.org/with-open-file/-/with-open-file-0.1.4.tgz",
      "integrity": "sha512-BswUwq/x/BYtNFMr4Uw9V+P2uroc9/tcDpZ2RdDHehzwCKJFF1PSIjJmBNfpUE3UQyJmVINRLOW49WTXQMEnvg==",
      "requires": {
        "p-finally": "^1.0.0",
        "p-try": "^2.0.0",
        "pify": "^3.0.0"
      },
      "dependencies": {
        "pify": {
          "version": "3.0.0",
          "resolved": "https://registry.npmjs.org/pify/-/pify-3.0.0.tgz",
          "integrity": "sha1-5aSs0sEB/fPZpNB/DbxNtJ3SgXY="
        }
      }
    },
    "xml-js": {
      "version": "1.6.8",
      "resolved": "https://registry.npmjs.org/xml-js/-/xml-js-1.6.8.tgz",
      "integrity": "sha512-kUv/geyN80d+s1T68uBfjoz+PjNUjwwf5AWWRwKRqqQaGozpMVsFsKYnenPsxlbN/VL7f0ia8NfLLPCDwX+95Q==",
      "requires": {
        "sax": "^1.2.4"
      }
    }
  }
}
